// !$*UTF8*$!
{
	archiveVersion = 1;
	classes = {
	};
	objectVersion = 50;
	objects = {

/* Begin PBXBuildFile section */
		AAD3358625DBA60D00F2C25A /* AppDelegate.swift in Sources */ = {isa = PBXBuildFile; fileRef = AAD3358525DBA60D00F2C25A /* AppDelegate.swift */; };
		AAD3358825DBA60D00F2C25A /* SceneDelegate.swift in Sources */ = {isa = PBXBuildFile; fileRef = AAD3358725DBA60D00F2C25A /* SceneDelegate.swift */; };
		AAD3358A25DBA60D00F2C25A /* ViewController.swift in Sources */ = {isa = PBXBuildFile; fileRef = AAD3358925DBA60D00F2C25A /* ViewController.swift */; };
		AAD3358D25DBA60D00F2C25A /* Main.storyboard in Resources */ = {isa = PBXBuildFile; fileRef = AAD3358B25DBA60D00F2C25A /* Main.storyboard */; };
		AAD3358F25DBA61200F2C25A /* Assets.xcassets in Resources */ = {isa = PBXBuildFile; fileRef = AAD3358E25DBA61200F2C25A /* Assets.xcassets */; };
		AAD3359225DBA61200F2C25A /* LaunchScreen.storyboard in Resources */ = {isa = PBXBuildFile; fileRef = AAD3359025DBA61200F2C25A /* LaunchScreen.storyboard */; };
		AAD3359B25DBB58900F2C25A /* CalcController.swift in Sources */ = {isa = PBXBuildFile; fileRef = AAD3359A25DBB58900F2C25A /* CalcController.swift */; };
		AAD3359F25DBB7CB00F2C25A /* CalcModel.swift in Sources */ = {isa = PBXBuildFile; fileRef = AAD3359E25DBB7CB00F2C25A /* CalcModel.swift */; };
/* End PBXBuildFile section */

/* Begin PBXFileReference section */
		AAD3358225DBA60D00F2C25A /* lesson_1.app */ = {isa = PBXFileReference; explicitFileType = wrapper.application; includeInIndex = 0; path = lesson_1.app; sourceTree = BUILT_PRODUCTS_DIR; };
		AAD3358525DBA60D00F2C25A /* AppDelegate.swift */ = {isa = PBXFileReference; lastKnownFileType = sourcecode.swift; path = AppDelegate.swift; sourceTree = "<group>"; };
		AAD3358725DBA60D00F2C25A /* SceneDelegate.swift */ = {isa = PBXFileReference; lastKnownFileType = sourcecode.swift; path = SceneDelegate.swift; sourceTree = "<group>"; };
		AAD3358925DBA60D00F2C25A /* ViewController.swift */ = {isa = PBXFileReference; lastKnownFileType = sourcecode.swift; path = ViewController.swift; sourceTree = "<group>"; };
		AAD3358C25DBA60D00F2C25A /* Base */ = {isa = PBXFileReference; lastKnownFileType = file.storyboard; name = Base; path = Base.lproj/Main.storyboard; sourceTree = "<group>"; };
		AAD3358E25DBA61200F2C25A /* Assets.xcassets */ = {isa = PBXFileReference; lastKnownFileType = folder.assetcatalog; path = Assets.xcassets; sourceTree = "<group>"; };
		AAD3359125DBA61200F2C25A /* Base */ = {isa = PBXFileReference; lastKnownFileType = file.storyboard; name = Base; path = Base.lproj/LaunchScreen.storyboard; sourceTree = "<group>"; };
		AAD3359325DBA61200F2C25A /* Info.plist */ = {isa = PBXFileReference; lastKnownFileType = text.plist.xml; path = Info.plist; sourceTree = "<group>"; };
		AAD3359A25DBB58900F2C25A /* CalcController.swift */ = {isa = PBXFileReference; lastKnownFileType = sourcecode.swift; path = CalcController.swift; sourceTree = "<group>"; };
		AAD3359E25DBB7CB00F2C25A /* CalcModel.swift */ = {isa = PBXFileReference; lastKnownFileType = sourcecode.swift; path = CalcModel.swift; sourceTree = "<group>"; };
/* End PBXFileReference section */

/* Begin PBXFrameworksBuildPhase section */
		AAD3357F25DBA60D00F2C25A /* Frameworks */ = {
			isa = PBXFrameworksBuildPhase;
			buildActionMask = 2147483647;
			files = (
			);
			runOnlyForDeploymentPostprocessing = 0;
		};
/* End PBXFrameworksBuildPhase section */

/* Begin PBXGroup section */
		AAD3357925DBA60C00F2C25A = {
			isa = PBXGroup;
			children = (
				AAD3358425DBA60D00F2C25A /* lesson_1 */,
				AAD3358325DBA60D00F2C25A /* Products */,
			);
			sourceTree = "<group>";
		};
		AAD3358325DBA60D00F2C25A /* Products */ = {
			isa = PBXGroup;
			children = (
				AAD3358225DBA60D00F2C25A /* lesson_1.app */,
			);
			name = Products;
			sourceTree = "<group>";
		};
		AAD3358425DBA60D00F2C25A /* lesson_1 */ = {
			isa = PBXGroup;
			children = (
				AAD3358525DBA60D00F2C25A /* AppDelegate.swift */,
				AAD3358725DBA60D00F2C25A /* SceneDelegate.swift */,
				AAD3359A25DBB58900F2C25A /* CalcController.swift */,
				AAD3358925DBA60D00F2C25A /* ViewController.swift */,
				AAD3358B25DBA60D00F2C25A /* Main.storyboard */,
				AAD3358E25DBA61200F2C25A /* Assets.xcassets */,
				AAD3359025DBA61200F2C25A /* LaunchScreen.storyboard */,
				AAD3359325DBA61200F2C25A /* Info.plist */,
				AAD3359E25DBB7CB00F2C25A /* CalcModel.swift */,
			);
			path = lesson_1;
			sourceTree = "<group>";
		};
/* End PBXGroup section */

/* Begin PBXNativeTarget section */
		AAD3358125DBA60D00F2C25A /* lesson_1 */ = {
			isa = PBXNativeTarget;
			buildConfigurationList = AAD3359625DBA61200F2C25A /* Build configuration list for PBXNativeTarget "lesson_1" */;
			buildPhases = (
				AAD3357E25DBA60D00F2C25A /* Sources */,
				AAD3357F25DBA60D00F2C25A /* Frameworks */,
				AAD3358025DBA60D00F2C25A /* Resources */,
			);
			buildRules = (
			);
			dependencies = (
			);
			name = lesson_1;
			productName = lesson_1;
			productReference = AAD3358225DBA60D00F2C25A /* lesson_1.app */;
			productType = "com.apple.product-type.application";
		};
/* End PBXNativeTarget section */

/* Begin PBXProject section */
		AAD3357A25DBA60C00F2C25A /* Project object */ = {
			isa = PBXProject;
			attributes = {
				LastSwiftUpdateCheck = 1240;
				LastUpgradeCheck = 1240;
				TargetAttributes = {
					AAD3358125DBA60D00F2C25A = {
						CreatedOnToolsVersion = 12.4;
					};
				};
			};
			buildConfigurationList = AAD3357D25DBA60C00F2C25A /* Build configuration list for PBXProject "lesson_1" */;
			compatibilityVersion = "Xcode 9.3";
			developmentRegion = en;
			hasScannedForEncodings = 0;
			knownRegions = (
				en,
				Base,
			);
			mainGroup = AAD3357925DBA60C00F2C25A;
			productRefGroup = AAD3358325DBA60D00F2C25A /* Products */;
			projectDirPath = "";
			projectRoot = "";
			targets = (
				AAD3358125DBA60D00F2C25A /* lesson_1 */,
			);
		};
/* End PBXProject section */

/* Begin PBXResourcesBuildPhase section */
		AAD3358025DBA60D00F2C25A /* Resources */ = {
			isa = PBXResourcesBuildPhase;
			buildActionMask = 2147483647;
			files = (
				AAD3359225DBA61200F2C25A /* LaunchScreen.storyboard in Resources */,
				AAD3358F25DBA61200F2C25A /* Assets.xcassets in Resources */,
				AAD3358D25DBA60D00F2C25A /* Main.storyboard in Resources */,
			);
			runOnlyForDeploymentPostprocessing = 0;
		};
/* End PBXResourcesBuildPhase section */

/* Begin PBXSourcesBuildPhase section */
		AAD3357E25DBA60D00F2C25A /* Sources */ = {
			isa = PBXSourcesBuildPhase;
			buildActionMask = 2147483647;
			files = (
				AAD3358A25DBA60D00F2C25A /* ViewController.swift in Sources */,
				AAD3358625DBA60D00F2C25A /* AppDelegate.swift in Sources */,
				AAD3359B25DBB58900F2C25A /* CalcController.swift in Sources */,
				AAD3358825DBA60D00F2C25A /* SceneDelegate.swift in Sources */,
				AAD3359F25DBB7CB00F2C25A /* CalcModel.swift in Sources */,
			);
			runOnlyForDeploymentPostprocessing = 0;
		};
/* End PBXSourcesBuildPhase section */

/* Begin PBXVariantGroup section */
		AAD3358B25DBA60D00F2C25A /* Main.storyboard */ = {
			isa = PBXVariantGroup;
			children = (
				AAD3358C25DBA60D00F2C25A /* Base */,
			);
			name = Main.storyboard;
			sourceTree = "<group>";
		};
		AAD3359025DBA61200F2C25A /* LaunchScreen.storyboard */ = {
			isa = PBXVariantGroup;
			children = (
				AAD3359125DBA61200F2C25A /* Base */,
			);
			name = LaunchScreen.storyboard;
			sourceTree = "<group>";
		};
/* End PBXVariantGroup section */

/* Begin XCBuildConfiguration section */
		AAD3359425DBA61200F2C25A /* Debug */ = {
			isa = XCBuildConfiguration;
			buildSettings = {
				ALWAYS_SEARCH_USER_PATHS = NO;
				CLANG_ANALYZER_NONNULL = YES;
				CLANG_ANALYZER_NUMBER_OBJECT_CONVERSION = YES_AGGRESSIVE;
				CLANG_CXX_LANGUAGE_STANDARD = "gnu++14";
				CLANG_CXX_LIBRARY = "libc++";
				CLANG_ENABLE_MODULES = YES;
				CLANG_ENABLE_OBJC_ARC = YES;
				CLANG_ENABLE_OBJC_WEAK = YES;
				CLANG_WARN_BLOCK_CAPTURE_AUTORELEASING = YES;
				CLANG_WARN_BOOL_CONVERSION = YES;
				CLANG_WARN_COMMA = YES;
				CLANG_WARN_CONSTANT_CONVERSION = YES;
				CLANG_WARN_DEPRECATED_OBJC_IMPLEMENTATIONS = YES;
				CLANG_WARN_DIRECT_OBJC_ISA_USAGE = YES_ERROR;
				CLANG_WARN_DOCUMENTATION_COMMENTS = YES;
				CLANG_WARN_EMPTY_BODY = YES;
				CLANG_WARN_ENUM_CONVERSION = YES;
				CLANG_WARN_INFINITE_RECURSION = YES;
				CLANG_WARN_INT_CONVERSION = YES;
				CLANG_WARN_NON_LITERAL_NULL_CONVERSION = YES;
				CLANG_WARN_OBJC_IMPLICIT_RETAIN_SELF = YES;
				CLANG_WARN_OBJC_LITERAL_CONVERSION = YES;
				CLANG_WARN_OBJC_ROOT_CLASS = YES_ERROR;
				CLANG_WARN_QUOTED_INCLUDE_IN_FRAMEWORK_HEADER = YES;
				CLANG_WARN_RANGE_LOOP_ANALYSIS = YES;
				CLANG_WARN_STRICT_PROTOTYPES = YES;
				CLANG_WARN_SUSPICIOUS_MOVE = YES;
				CLANG_WARN_UNGUARDED_AVAILABILITY = YES_AGGRESSIVE;
				CLANG_WARN_UNREACHABLE_CODE = YES;
				CLANG_WARN__DUPLICATE_METHOD_MATCH = YES;
				COPY_PHASE_STRIP = NO;
				DEBUG_INFORMATION_FORMAT = dwarf;
				ENABLE_STRICT_OBJC_MSGSEND = YES;
				ENABLE_TESTABILITY = YES;
				GCC_C_LANGUAGE_STANDARD = gnu11;
				GCC_DYNAMIC_NO_PIC = NO;
				GCC_NO_COMMON_BLOCKS = YES;
				GCC_OPTIMIZATION_LEVEL = 0;
				GCC_PREPROCESSOR_DEFINITIONS = (
					"DEBUG=1",
					"$(inherited)",
				);
				GCC_WARN_64_TO_32_BIT_CONVERSION = YES;
				GCC_WARN_ABOUT_RETURN_TYPE = YES_ERROR;
				GCC_WARN_UNDECLARED_SELECTOR = YES;
				GCC_WARN_UNINITIALIZED_AUTOS = YES_AGGRESSIVE;
				GCC_WARN_UNUSED_FUNCTION = YES;
				GCC_WARN_UNUSED_VARIABLE = YES;
				IPHONEOS_DEPLOYMENT_TARGET = 14.4;
				MTL_ENABLE_DEBUG_INFO = INCLUDE_SOURCE;
				MTL_FAST_MATH = YES;
				ONLY_ACTIVE_ARCH = YES;
				SDKROOT = iphoneos;
				SWIFT_ACTIVE_COMPILATION_CONDITIONS = DEBUG;
				SWIFT_OPTIMIZATION_LEVEL = "-Onone";
			};
			name = Debug;
		};
		AAD3359525DBA61200F2C25A /* Release */ = {
			isa = XCBuildConfiguration;
			buildSettings = {
				ALWAYS_SEARCH_USER_PATHS = NO;
				CLANG_ANALYZER_NONNULL = YES;
				CLANG_ANALYZER_NUMBER_OBJECT_CONVERSION = YES_AGGRESSIVE;
				CLANG_CXX_LANGUAGE_STANDARD = "gnu++14";
				CLANG_CXX_LIBRARY = "libc++";
				CLANG_ENABLE_MODULES = YES;
				CLANG_ENABLE_OBJC_ARC = YES;
				CLANG_ENABLE_OBJC_WEAK = YES;
				CLANG_WARN_BLOCK_CAPTURE_AUTORELEASING = YES;
				CLANG_WARN_BOOL_CONVERSION = YES;
				CLANG_WARN_COMMA = YES;
				CLANG_WARN_CONSTANT_CONVERSION = YES;
				CLANG_WARN_DEPRECATED_OBJC_IMPLEMENTATIONS = YES;
				CLANG_WARN_DIRECT_OBJC_ISA_USAGE = YES_ERROR;
				CLANG_WARN_DOCUMENTATION_COMMENTS = YES;
				CLANG_WARN_EMPTY_BODY = YES;
				CLANG_WARN_ENUM_CONVERSION = YES;
				CLANG_WARN_INFINITE_RECURSION = YES;
				CLANG_WARN_INT_CONVERSION = YES;
				CLANG_WARN_NON_LITERAL_NULL_CONVERSION = YES;
				CLANG_WARN_OBJC_IMPLICIT_RETAIN_SELF = YES;
				CLANG_WARN_OBJC_LITERAL_CONVERSION = YES;
				CLANG_WARN_OBJC_ROOT_CLASS = YES_ERROR;
				CLANG_WARN_QUOTED_INCLUDE_IN_FRAMEWORK_HEADER = YES;
				CLANG_WARN_RANGE_LOOP_ANALYSIS = YES;
				CLANG_WARN_STRICT_PROTOTYPES = YES;
				CLANG_WARN_SUSPICIOUS_MOVE = YES;
				CLANG_WARN_UNGUARDED_AVAILABILITY = YES_AGGRESSIVE;
				CLANG_WARN_UNREACHABLE_CODE = YES;
				CLANG_WARN__DUPLICATE_METHOD_MATCH = YES;
				COPY_PHASE_STRIP = NO;
				DEBUG_INFORMATION_FORMAT = "dwarf-with-dsym";
				ENABLE_NS_ASSERTIONS = NO;
				ENABLE_STRICT_OBJC_MSGSEND = YES;
				GCC_C_LANGUAGE_STANDARD = gnu11;
				GCC_NO_COMMON_BLOCKS = YES;
				GCC_WARN_64_TO_32_BIT_CONVERSION = YES;
				GCC_WARN_ABOUT_RETURN_TYPE = YES_ERROR;
				GCC_WARN_UNDECLARED_SELECTOR = YES;
				GCC_WARN_UNINITIALIZED_AUTOS = YES_AGGRESSIVE;
				GCC_WARN_UNUSED_FUNCTION = YES;
				GCC_WARN_UNUSED_VARIABLE = YES;
				IPHONEOS_DEPLOYMENT_TARGET = 14.4;
				MTL_ENABLE_DEBUG_INFO = NO;
				MTL_FAST_MATH = YES;
				SDKROOT = iphoneos;
				SWIFT_COMPILATION_MODE = wholemodule;
				SWIFT_OPTIMIZATION_LEVEL = "-O";
				VALIDATE_PRODUCT = YES;
			};
			name = Release;
		};
		AAD3359725DBA61200F2C25A /* Debug */ = {
			isa = XCBuildConfiguration;
			buildSettings = {
				ASSETCATALOG_COMPILER_APPICON_NAME = AppIcon;
				ASSETCATALOG_COMPILER_GLOBAL_ACCENT_COLOR_NAME = AccentColor;
				CODE_SIGN_STYLE = Automatic;
				DEVELOPMENT_TEAM = 59GTSYXM2J;
				INFOPLIST_FILE = lesson_1/Info.plist;
				LD_RUNPATH_SEARCH_PATHS = (
					"$(inherited)",
					"@executable_path/Frameworks",
				);
				PRODUCT_BUNDLE_IDENTIFIER = "t2ch.lesson-1";
				PRODUCT_NAME = "$(TARGET_NAME)";
				SWIFT_VERSION = 5.0;
				TARGETED_DEVICE_FAMILY = "1,2";
			};
			name = Debug;
		};
		AAD3359825DBA61200F2C25A /* Release */ = {
			isa = XCBuildConfiguration;
			buildSettings = {
				ASSETCATALOG_COMPILER_APPICON_NAME = AppIcon;
				ASSETCATALOG_COMPILER_GLOBAL_ACCENT_COLOR_NAME = AccentColor;
				CODE_SIGN_STYLE = Automatic;
				DEVELOPMENT_TEAM = 59GTSYXM2J;
				INFOPLIST_FILE = lesson_1/Info.plist;
				LD_RUNPATH_SEARCH_PATHS = (
					"$(inherited)",
					"@executable_path/Frameworks",
				);
				PRODUCT_BUNDLE_IDENTIFIER = "t2ch.lesson-1";
				PRODUCT_NAME = "$(TARGET_NAME)";
				SWIFT_VERSION = 5.0;
				TARGETED_DEVICE_FAMILY = "1,2";
			};
			name = Release;
		};
/* End XCBuildConfiguration section */

/* Begin XCConfigurationList section */
		AAD3357D25DBA60C00F2C25A /* Build configuration list for PBXProject "lesson_1" */ = {
			isa = XCConfigurationList;
			buildConfigurations = (
				AAD3359425DBA61200F2C25A /* Debug */,
				AAD3359525DBA61200F2C25A /* Release */,
			);
			defaultConfigurationIsVisible = 0;
			defaultConfigurationName = Release;
		};
		AAD3359625DBA61200F2C25A /* Build configuration list for PBXNativeTarget "lesson_1" */ = {
			isa = XCConfigurationList;
			buildConfigurations = (
				AAD3359725DBA61200F2C25A /* Debug */,
				AAD3359825DBA61200F2C25A /* Release */,
			);
			defaultConfigurationIsVisible = 0;
			defaultConfigurationName = Release;
		};
/* End XCConfigurationList section */
	};
	rootObject = AAD3357A25DBA60C00F2C25A /* Project object */;
}
